
Microsoft Visual Studio Solution File, Format Version 11.00
# Visual Studio 2010
Project("{FAE04EC0-301F-11D3-BF4B-00C04F79EFBC}") = "Third Person Shooter (1)", "Assembly-CSharp-firstpass.csproj", "{92134312-D026-4103-27B8-1C68A7CC8AE9}"
EndProject
Project("{FAE04EC0-301F-11D3-BF4B-00C04F79EFBC}") = "Third Person Shooter (1)", "Assembly-CSharp.csproj", "{1993CF7B-B054-7267-9F5F-C78983441AEB}"
EndProject
Project("{FAE04EC0-301F-11D3-BF4B-00C04F79EFBC}") = "Third Person Shooter (1)", "Assembly-CSharp-Editor.csproj", "{15FE3045-9FEE-7830-9BD5-1D3C0AE4BA36}"
EndProject
Global
	GlobalSection(SolutionConfigurationPlatforms) = preSolution
		Debug|Any CPU = Debug|Any CPU
		Release|Any CPU = Release|Any CPU
	EndGlobalSection
	GlobalSection(ProjectConfigurationPlatforms) = postSolution
		{92134312-D026-4103-27B8-1C68A7CC8AE9}.Debug|Any CPU.ActiveCfg = Debug|Any CPU
		{92134312-D026-4103-27B8-1C68A7CC8AE9}.Debug|Any CPU.Build.0 = Debug|Any CPU
		{92134312-D026-4103-27B8-1C68A7CC8AE9}.Release|Any CPU.ActiveCfg = Release|Any CPU
		{92134312-D026-4103-27B8-1C68A7CC8AE9}.Release|Any CPU.Build.0 = Release|Any CPU
		{1993CF7B-B054-7267-9F5F-C78983441AEB}.Debug|Any CPU.ActiveCfg = Debug|Any CPU
		{1993CF7B-B054-7267-9F5F-C78983441AEB}.Debug|Any CPU.Build.0 = Debug|Any CPU
		{1993CF7B-B054-7267-9F5F-C78983441AEB}.Release|Any CPU.ActiveCfg = Release|Any CPU
		{1993CF7B-B054-7267-9F5F-C78983441AEB}.Release|Any CPU.Build.0 = Release|Any CPU
		{15FE3045-9FEE-7830-9BD5-1D3C0AE4BA36}.Debug|Any CPU.ActiveCfg = Debug|Any CPU
		{15FE3045-9FEE-7830-9BD5-1D3C0AE4BA36}.Debug|Any CPU.Build.0 = Debug|Any CPU
		{15FE3045-9FEE-7830-9BD5-1D3C0AE4BA36}.Release|Any CPU.ActiveCfg = Release|Any CPU
		{15FE3045-9FEE-7830-9BD5-1D3C0AE4BA36}.Release|Any CPU.Build.0 = Release|Any CPU
	EndGlobalSection
	GlobalSection(SolutionProperties) = preSolution
		HideSolutionNode = FALSE
	EndGlobalSection
	GlobalSection(MonoDevelopProperties) = preSolution
		StartupItem = Assembly-CSharp.csproj
	EndGlobalSection
EndGlobal
